
Microsoft Visual Studio Solution File, Format Version 12.00
# Visual Studio Version 17
VisualStudioVersion = 17.5.33627.172
MinimumVisualStudioVersion = 10.0.40219.1
Project("{FAE04EC0-301F-11D3-BF4B-00C04F79EFBC}") = "Fridge", "Fridge\Fridge.csproj", "{221E6D10-2938-4429-94FE-2BE43FE75ECE}"
EndProject
Global
	GlobalSection(SolutionConfigurationPlatforms) = preSolution
		Debug|Any CPU = Debug|Any CPU
		Release|Any CPU = Release|Any CPU
	EndGlobalSection
	GlobalSection(ProjectConfigurationPlatforms) = postSolution
		{221E6D10-2938-4429-94FE-2BE43FE75ECE}.Debug|Any CPU.ActiveCfg = Debug|Any CPU
		{221E6D10-2938-4429-94FE-2BE43FE75ECE}.Debug|Any CPU.Build.0 = Debug|Any CPU
		{221E6D10-2938-4429-94FE-2BE43FE75ECE}.Release|Any CPU.ActiveCfg = Release|Any CPU
		{221E6D10-2938-4429-94FE-2BE43FE75ECE}.Release|Any CPU.Build.0 = Release|Any CPU
	EndGlobalSection
	GlobalSection(SolutionProperties) = preSolution
		HideSolutionNode = FALSE
	EndGlobalSection
	GlobalSection(ExtensibilityGlobals) = postSolution
		SolutionGuid = {C57D9A40-07B1-4BA9-9D04-EEA3EB971236}
	EndGlobalSection
EndGlobal
